
Microsoft Visual Studio Solution File, Format Version 12.00
# Visual Studio 15
VisualStudioVersion = 15.0.26430.16
MinimumVisualStudioVersion = 10.0.40219.1
Project("{FAE04EC0-301F-11D3-BF4B-00C04F79EFBC}") = "XamFormsWithAzure2017.Android", "XamFormsWithAzure2017\XamFormsWithAzure2017.Android\XamFormsWithAzure2017.Android.csproj", "{C5DC8986-A1B2-4297-8B10-3362B4E1EDD3}"
EndProject
Project("{FAE04EC0-301F-11D3-BF4B-00C04F79EFBC}") = "XamFormsWithAzure2017.iOS", "XamFormsWithAzure2017\XamFormsWithAzure2017.iOS\XamFormsWithAzure2017.iOS.csproj", "{6B76409C-662C-4535-A158-A7A4FFDCFBE9}"
EndProject
Project("{FAE04EC0-301F-11D3-BF4B-00C04F79EFBC}") = "XamFormsWithAzure2017.UWP", "XamFormsWithAzure2017\XamFormsWithAzure2017.UWP\XamFormsWithAzure2017.UWP.csproj", "{693CDE19-ACAB-4D50-A96A-E3067C401550}"
EndProject
Project("{FAE04EC0-301F-11D3-BF4B-00C04F79EFBC}") = "XamFormsWithAzure2017.MobileAppService", "XamFormsWithAzure2017\XamFormsWithAzure2017.MobileAppService\XamFormsWithAzure2017.MobileAppService.csproj", "{35730869-B80D-4E24-BDDF-410D908B6E65}"
EndProject
Project("{9A19103F-16F7-4668-BE54-9A1E7A4F7556}") = "XamFormsWithAzure2017-standard", "XamFormsWithAzure2017\XamFormsWithAzure2017-standard\XamFormsWithAzure2017-standard.csproj", "{0584EF7C-643C-4495-8E86-B3A3E0A52761}"
EndProject
Global
	GlobalSection(SolutionConfigurationPlatforms) = preSolution
		Debug|Any CPU = Debug|Any CPU
		Debug|ARM = Debug|ARM
		Debug|iPhone = Debug|iPhone
		Debug|iPhoneSimulator = Debug|iPhoneSimulator
		Debug|x64 = Debug|x64
		Debug|x86 = Debug|x86
		Release|Any CPU = Release|Any CPU
		Release|ARM = Release|ARM
		Release|iPhone = Release|iPhone
		Release|iPhoneSimulator = Release|iPhoneSimulator
		Release|x64 = Release|x64
		Release|x86 = Release|x86
	EndGlobalSection
	GlobalSection(ProjectConfigurationPlatforms) = postSolution
		{C5DC8986-A1B2-4297-8B10-3362B4E1EDD3}.Debug|Any CPU.ActiveCfg = Debug|Any CPU
		{C5DC8986-A1B2-4297-8B10-3362B4E1EDD3}.Debug|Any CPU.Build.0 = Debug|Any CPU
		{C5DC8986-A1B2-4297-8B10-3362B4E1EDD3}.Debug|Any CPU.Deploy.0 = Debug|Any CPU
		{C5DC8986-A1B2-4297-8B10-3362B4E1EDD3}.Debug|ARM.ActiveCfg = Debug|Any CPU
		{C5DC8986-A1B2-4297-8B10-3362B4E1EDD3}.Debug|ARM.Build.0 = Debug|Any CPU
		{C5DC8986-A1B2-4297-8B10-3362B4E1EDD3}.Debug|ARM.Deploy.0 = Debug|Any CPU
		{C5DC8986-A1B2-4297-8B10-3362B4E1EDD3}.Debug|iPhone.ActiveCfg = Debug|Any CPU
		{C5DC8986-A1B2-4297-8B10-3362B4E1EDD3}.Debug|iPhone.Build.0 = Debug|Any CPU
		{C5DC8986-A1B2-4297-8B10-3362B4E1EDD3}.Debug|iPhone.Deploy.0 = Debug|Any CPU
		{C5DC8986-A1B2-4297-8B10-3362B4E1EDD3}.Debug|iPhoneSimulator.ActiveCfg = Debug|Any CPU
		{C5DC8986-A1B2-4297-8B10-3362B4E1EDD3}.Debug|iPhoneSimulator.Build.0 = Debug|Any CPU
		{C5DC8986-A1B2-4297-8B10-3362B4E1EDD3}.Debug|iPhoneSimulator.Deploy.0 = Debug|Any CPU
		{C5DC8986-A1B2-4297-8B10-3362B4E1EDD3}.Debug|x64.ActiveCfg = Debug|Any CPU
		{C5DC8986-A1B2-4297-8B10-3362B4E1EDD3}.Debug|x64.Build.0 = Debug|Any CPU
		{C5DC8986-A1B2-4297-8B10-3362B4E1EDD3}.Debug|x64.Deploy.0 = Debug|Any CPU
		{C5DC8986-A1B2-4297-8B10-3362B4E1EDD3}.Debug|x86.ActiveCfg = Debug|Any CPU
		{C5DC8986-A1B2-4297-8B10-3362B4E1EDD3}.Debug|x86.Build.0 = Debug|Any CPU
		{C5DC8986-A1B2-4297-8B10-3362B4E1EDD3}.Debug|x86.Deploy.0 = Debug|Any CPU
		{C5DC8986-A1B2-4297-8B10-3362B4E1EDD3}.Release|Any CPU.ActiveCfg = Release|Any CPU
		{C5DC8986-A1B2-4297-8B10-3362B4E1EDD3}.Release|Any CPU.Build.0 = Release|Any CPU
		{C5DC8986-A1B2-4297-8B10-3362B4E1EDD3}.Release|Any CPU.Deploy.0 = Release|Any CPU
		{C5DC8986-A1B2-4297-8B10-3362B4E1EDD3}.Release|ARM.ActiveCfg = Release|Any CPU
		{C5DC8986-A1B2-4297-8B10-3362B4E1EDD3}.Release|ARM.Build.0 = Release|Any CPU
		{C5DC8986-A1B2-4297-8B10-3362B4E1EDD3}.Release|ARM.Deploy.0 = Release|Any CPU
		{C5DC8986-A1B2-4297-8B10-3362B4E1EDD3}.Release|iPhone.ActiveCfg = Release|Any CPU
		{C5DC8986-A1B2-4297-8B10-3362B4E1EDD3}.Release|iPhone.Build.0 = Release|Any CPU
		{C5DC8986-A1B2-4297-8B10-3362B4E1EDD3}.Release|iPhone.Deploy.0 = Release|Any CPU
		{C5DC8986-A1B2-4297-8B10-3362B4E1EDD3}.Release|iPhoneSimulator.ActiveCfg = Release|Any CPU
		{C5DC8986-A1B2-4297-8B10-3362B4E1EDD3}.Release|iPhoneSimulator.Build.0 = Release|Any CPU
		{C5DC8986-A1B2-4297-8B10-3362B4E1EDD3}.Release|iPhoneSimulator.Deploy.0 = Release|Any CPU
		{C5DC8986-A1B2-4297-8B10-3362B4E1EDD3}.Release|x64.ActiveCfg = Release|Any CPU
		{C5DC8986-A1B2-4297-8B10-3362B4E1EDD3}.Release|x64.Build.0 = Release|Any CPU
		{C5DC8986-A1B2-4297-8B10-3362B4E1EDD3}.Release|x64.Deploy.0 = Release|Any CPU
		{C5DC8986-A1B2-4297-8B10-3362B4E1EDD3}.Release|x86.ActiveCfg = Release|Any CPU
		{C5DC8986-A1B2-4297-8B10-3362B4E1EDD3}.Release|x86.Build.0 = Release|Any CPU
		{C5DC8986-A1B2-4297-8B10-3362B4E1EDD3}.Release|x86.Deploy.0 = Release|Any CPU
		{6B76409C-662C-4535-A158-A7A4FFDCFBE9}.Debug|Any CPU.ActiveCfg = Debug|iPhone
		{6B76409C-662C-4535-A158-A7A4FFDCFBE9}.Debug|ARM.ActiveCfg = Debug|iPhone
		{6B76409C-662C-4535-A158-A7A4FFDCFBE9}.Debug|iPhone.ActiveCfg = Debug|iPhone
		{6B76409C-662C-4535-A158-A7A4FFDCFBE9}.Debug|iPhone.Build.0 = Debug|iPhone
		{6B76409C-662C-4535-A158-A7A4FFDCFBE9}.Debug|iPhoneSimulator.ActiveCfg = Debug|iPhoneSimulator
		{6B76409C-662C-4535-A158-A7A4FFDCFBE9}.Debug|iPhoneSimulator.Build.0 = Debug|iPhoneSimulator
		{6B76409C-662C-4535-A158-A7A4FFDCFBE9}.Debug|x64.ActiveCfg = Debug|iPhone
		{6B76409C-662C-4535-A158-A7A4FFDCFBE9}.Debug|x86.ActiveCfg = Debug|iPhone
		{6B76409C-662C-4535-A158-A7A4FFDCFBE9}.Release|Any CPU.ActiveCfg = Release|iPhone
		{6B76409C-662C-4535-A158-A7A4FFDCFBE9}.Release|ARM.ActiveCfg = Release|iPhone
		{6B76409C-662C-4535-A158-A7A4FFDCFBE9}.Release|iPhone.ActiveCfg = Release|iPhone
		{6B76409C-662C-4535-A158-A7A4FFDCFBE9}.Release|iPhone.Build.0 = Release|iPhone
		{6B76409C-662C-4535-A158-A7A4FFDCFBE9}.Release|iPhoneSimulator.ActiveCfg = Release|iPhoneSimulator
		{6B76409C-662C-4535-A158-A7A4FFDCFBE9}.Release|iPhoneSimulator.Build.0 = Release|iPhoneSimulator
		{6B76409C-662C-4535-A158-A7A4FFDCFBE9}.Release|x64.ActiveCfg = Release|iPhone
		{6B76409C-662C-4535-A158-A7A4FFDCFBE9}.Release|x86.ActiveCfg = Release|iPhone
		{693CDE19-ACAB-4D50-A96A-E3067C401550}.Debug|Any CPU.ActiveCfg = Debug|x86
		{693CDE19-ACAB-4D50-A96A-E3067C401550}.Debug|ARM.ActiveCfg = Debug|ARM
		{693CDE19-ACAB-4D50-A96A-E3067C401550}.Debug|ARM.Build.0 = Debug|ARM
		{693CDE19-ACAB-4D50-A96A-E3067C401550}.Debug|ARM.Deploy.0 = Debug|ARM
		{693CDE19-ACAB-4D50-A96A-E3067C401550}.Debug|iPhone.ActiveCfg = Debug|x86
		{693CDE19-ACAB-4D50-A96A-E3067C401550}.Debug|iPhone.Deploy.0 = Debug|x86
		{693CDE19-ACAB-4D50-A96A-E3067C401550}.Debug|iPhoneSimulator.ActiveCfg = Debug|x86
		{693CDE19-ACAB-4D50-A96A-E3067C401550}.Debug|x64.ActiveCfg = Debug|x64
		{693CDE19-ACAB-4D50-A96A-E3067C401550}.Debug|x64.Build.0 = Debug|x64
		{693CDE19-ACAB-4D50-A96A-E3067C401550}.Debug|x64.Deploy.0 = Debug|x64
		{693CDE19-ACAB-4D50-A96A-E3067C401550}.Debug|x86.ActiveCfg = Debug|x86
		{693CDE19-ACAB-4D50-A96A-E3067C401550}.Debug|x86.Build.0 = Debug|x86
		{693CDE19-ACAB-4D50-A96A-E3067C401550}.Debug|x86.Deploy.0 = Debug|x86
		{693CDE19-ACAB-4D50-A96A-E3067C401550}.Release|Any CPU.ActiveCfg = Release|x86
		{693CDE19-ACAB-4D50-A96A-E3067C401550}.Release|ARM.ActiveCfg = Release|ARM
		{693CDE19-ACAB-4D50-A96A-E3067C401550}.Release|ARM.Build.0 = Release|ARM
		{693CDE19-ACAB-4D50-A96A-E3067C401550}.Release|ARM.Deploy.0 = Release|ARM
		{693CDE19-ACAB-4D50-A96A-E3067C401550}.Release|iPhone.ActiveCfg = Release|x86
		{693CDE19-ACAB-4D50-A96A-E3067C401550}.Release|iPhoneSimulator.ActiveCfg = Release|x86
		{693CDE19-ACAB-4D50-A96A-E3067C401550}.Release|x64.ActiveCfg = Release|x64
		{693CDE19-ACAB-4D50-A96A-E3067C401550}.Release|x64.Build.0 = Release|x64
		{693CDE19-ACAB-4D50-A96A-E3067C401550}.Release|x64.Deploy.0 = Release|x64
		{693CDE19-ACAB-4D50-A96A-E3067C401550}.Release|x86.ActiveCfg = Release|x86
		{693CDE19-ACAB-4D50-A96A-E3067C401550}.Release|x86.Build.0 = Release|x86
		{693CDE19-ACAB-4D50-A96A-E3067C401550}.Release|x86.Deploy.0 = Release|x86
		{35730869-B80D-4E24-BDDF-410D908B6E65}.Debug|Any CPU.ActiveCfg = Debug|Any CPU
		{35730869-B80D-4E24-BDDF-410D908B6E65}.Debug|Any CPU.Build.0 = Debug|Any CPU
		{35730869-B80D-4E24-BDDF-410D908B6E65}.Debug|ARM.ActiveCfg = Debug|Any CPU
		{35730869-B80D-4E24-BDDF-410D908B6E65}.Debug|ARM.Build.0 = Debug|Any CPU
		{35730869-B80D-4E24-BDDF-410D908B6E65}.Debug|iPhone.ActiveCfg = Debug|Any CPU
		{35730869-B80D-4E24-BDDF-410D908B6E65}.Debug|iPhone.Build.0 = Debug|Any CPU
		{35730869-B80D-4E24-BDDF-410D908B6E65}.Debug|iPhoneSimulator.ActiveCfg = Debug|Any CPU
		{35730869-B80D-4E24-BDDF-410D908B6E65}.Debug|iPhoneSimulator.Build.0 = Debug|Any CPU
		{35730869-B80D-4E24-BDDF-410D908B6E65}.Debug|x64.ActiveCfg = Debug|Any CPU
		{35730869-B80D-4E24-BDDF-410D908B6E65}.Debug|x64.Build.0 = Debug|Any CPU
		{35730869-B80D-4E24-BDDF-410D908B6E65}.Debug|x86.ActiveCfg = Debug|Any CPU
		{35730869-B80D-4E24-BDDF-410D908B6E65}.Debug|x86.Build.0 = Debug|Any CPU
		{35730869-B80D-4E24-BDDF-410D908B6E65}.Release|Any CPU.ActiveCfg = Release|Any CPU
		{35730869-B80D-4E24-BDDF-410D908B6E65}.Release|Any CPU.Build.0 = Release|Any CPU
		{35730869-B80D-4E24-BDDF-410D908B6E65}.Release|ARM.ActiveCfg = Release|Any CPU
		{35730869-B80D-4E24-BDDF-410D908B6E65}.Release|ARM.Build.0 = Release|Any CPU
		{35730869-B80D-4E24-BDDF-410D908B6E65}.Release|iPhone.ActiveCfg = Release|Any CPU
		{35730869-B80D-4E24-BDDF-410D908B6E65}.Release|iPhone.Build.0 = Release|Any CPU
		{35730869-B80D-4E24-BDDF-410D908B6E65}.Release|iPhoneSimulator.ActiveCfg = Release|Any CPU
		{35730869-B80D-4E24-BDDF-410D908B6E65}.Release|iPhoneSimulator.Build.0 = Release|Any CPU
		{35730869-B80D-4E24-BDDF-410D908B6E65}.Release|x64.ActiveCfg = Release|Any CPU
		{35730869-B80D-4E24-BDDF-410D908B6E65}.Release|x64.Build.0 = Release|Any CPU
		{35730869-B80D-4E24-BDDF-410D908B6E65}.Release|x86.ActiveCfg = Release|Any CPU
		{35730869-B80D-4E24-BDDF-410D908B6E65}.Release|x86.Build.0 = Release|Any CPU
		{0584EF7C-643C-4495-8E86-B3A3E0A52761}.Debug|Any CPU.ActiveCfg = Debug|Any CPU
		{0584EF7C-643C-4495-8E86-B3A3E0A52761}.Debug|Any CPU.Build.0 = Debug|Any CPU
		{0584EF7C-643C-4495-8E86-B3A3E0A52761}.Debug|ARM.ActiveCfg = Debug|Any CPU
		{0584EF7C-643C-4495-8E86-B3A3E0A52761}.Debug|ARM.Build.0 = Debug|Any CPU
		{0584EF7C-643C-4495-8E86-B3A3E0A52761}.Debug|iPhone.ActiveCfg = Debug|Any CPU
		{0584EF7C-643C-4495-8E86-B3A3E0A52761}.Debug|iPhone.Build.0 = Debug|Any CPU
		{0584EF7C-643C-4495-8E86-B3A3E0A52761}.Debug|iPhoneSimulator.ActiveCfg = Debug|Any CPU
		{0584EF7C-643C-4495-8E86-B3A3E0A52761}.Debug|iPhoneSimulator.Build.0 = Debug|Any CPU
		{0584EF7C-643C-4495-8E86-B3A3E0A52761}.Debug|x64.ActiveCfg = Debug|Any CPU
		{0584EF7C-643C-4495-8E86-B3A3E0A52761}.Debug|x64.Build.0 = Debug|Any CPU
		{0584EF7C-643C-4495-8E86-B3A3E0A52761}.Debug|x86.ActiveCfg = Debug|Any CPU
		{0584EF7C-643C-4495-8E86-B3A3E0A52761}.Debug|x86.Build.0 = Debug|Any CPU
		{0584EF7C-643C-4495-8E86-B3A3E0A52761}.Release|Any CPU.ActiveCfg = Release|Any CPU
		{0584EF7C-643C-4495-8E86-B3A3E0A52761}.Release|Any CPU.Build.0 = Release|Any CPU
		{0584EF7C-643C-4495-8E86-B3A3E0A52761}.Release|ARM.ActiveCfg = Release|Any CPU
		{0584EF7C-643C-4495-8E86-B3A3E0A52761}.Release|ARM.Build.0 = Release|Any CPU
		{0584EF7C-643C-4495-8E86-B3A3E0A52761}.Release|iPhone.ActiveCfg = Release|Any CPU
		{0584EF7C-643C-4495-8E86-B3A3E0A52761}.Release|iPhone.Build.0 = Release|Any CPU
		{0584EF7C-643C-4495-8E86-B3A3E0A52761}.Release|iPhoneSimulator.ActiveCfg = Release|Any CPU
		{0584EF7C-643C-4495-8E86-B3A3E0A52761}.Release|iPhoneSimulator.Build.0 = Release|Any CPU
		{0584EF7C-643C-4495-8E86-B3A3E0A52761}.Release|x64.ActiveCfg = Release|Any CPU
		{0584EF7C-643C-4495-8E86-B3A3E0A52761}.Release|x64.Build.0 = Release|Any CPU
		{0584EF7C-643C-4495-8E86-B3A3E0A52761}.Release|x86.ActiveCfg = Release|Any CPU
		{0584EF7C-643C-4495-8E86-B3A3E0A52761}.Release|x86.Build.0 = Release|Any CPU
	EndGlobalSection
	GlobalSection(SolutionProperties) = preSolution
		HideSolutionNode = FALSE
	EndGlobalSection
EndGlobal
